Microsoft Visual Studio Solution File, Format Version 12.00
# Visual Studio Version 16
VisualStudioVersion = 16.0.28922.388
MinimumVisualStudioVersion = 10.0.40219.1
Project("{9A19103F-16F7-4668-BE54-9A1E7A4F7556}") = "IntermediateCourse", "IntermediateCourse\IntermediateCourse.csproj", "{BFB1D912-B29F-4856-889D-188AB69A805E}"
EndProject
Project("{9A19103F-16F7-4668-BE54-9A1E7A4F7556}") = "Methods", "Methods\Methods.csproj", "{81BC14AB-28A5-42BD-B00D-9A4E7047197C}"
EndProject
Project("{9A19103F-16F7-4668-BE54-9A1E7A4F7556}") = "Fields", "Fields\Fields.csproj", "{3710AED3-D5BA-4314-9F8B-B6EE252711E8}"
EndProject
Project("{9A19103F-16F7-4668-BE54-9A1E7A4F7556}") = "AccessModifiers", "AccessModifiers\AccessModifiers.csproj", "{4F25C577-A3D1-418C-BBB2-12A897862699}"
EndProject
Project("{9A19103F-16F7-4668-BE54-9A1E7A4F7556}") = "Properties", "Properties\Properties.csproj", "{16D404FC-F096-4C85-AACC-2538FDB2D48D}"
EndProject
Project("{9A19103F-16F7-4668-BE54-9A1E7A4F7556}") = "Indexers", "Indexers\Indexers.csproj", "{64FE6989-0116-41A8-A275-87E4222C78FA}"
EndProject
Project("{2150E333-8FDC-42A3-9474-1A3956D46DE8}") = "Exercises", "Exercises", "{87AFA449-B5E1-4E84-9C4C-B8E0F3F4A742}"
EndProject
Project("{9A19103F-16F7-4668-BE54-9A1E7A4F7556}") = "Stopwatch", "Stopwatch\Stopwatch.csproj", "{276E3EFC-5D5E-499D-9BFA-FB17F45B3F9B}"
EndProject
Project("{2150E333-8FDC-42A3-9474-1A3956D46DE8}") = "Tests", "Tests", "{FD0010DF-0B49-450C-BF94-18F979AFBD75}"
EndProject
Project("{9A19103F-16F7-4668-BE54-9A1E7A4F7556}") = "StackOverflow", "StackOverflow\StackOverflow.csproj", "{29F53AAD-3315-4CF3-B512-0C64B4D5962D}"
EndProject
Project("{9A19103F-16F7-4668-BE54-9A1E7A4F7556}") = "Inheritance", "Inheritance\Inheritance.csproj", "{A5520F48-F23D-41CB-A6F8-4EAFA36373F7}"
EndProject
Project("{9A19103F-16F7-4668-BE54-9A1E7A4F7556}") = "Composition", "Composition\Composition.csproj", "{740E6EAA-3665-41B7-8CA6-F3D662E082F2}"
EndProject
Project("{9A19103F-16F7-4668-BE54-9A1E7A4F7556}") = "Amazon", "Amazon\Amazon.csproj", "{867F939A-22C0-4498-8284-46FC4153B05D}"
EndProject
Project("{9A19103F-16F7-4668-BE54-9A1E7A4F7556}") = "CtorsAndInheritance", "CtorsAndInheritance\CtorsAndInheritance.csproj", "{C166F13C-8D1F-40A8-998E-80906E875D2A}"
EndProject
Project("{9A19103F-16F7-4668-BE54-9A1E7A4F7556}") = "Stack", "Stack\Stack.csproj", "{F40B560C-27C9-4314-8EF2-167AB188D113}"
EndProject
Project("{9A19103F-16F7-4668-BE54-9A1E7A4F7556}") = "Polymorphism", "Polymorphism\Polymorphism.csproj", "{3DE0257D-1787-4337-A5BC-BD8146700E41}"
EndProject
Project("{FAE04EC0-301F-11D3-BF4B-00C04F79EFBC}") = "DbConnection", "DbConnection\DbConnection.csproj", "{395C14EC-4792-44B4-A60A-4233F73B4BD4}"
EndProject
Project("{FAE04EC0-301F-11D3-BF4B-00C04F79EFBC}") = "Interfaces", "Interfaces\Interfaces.csproj", "{1CDCB5DD-3104-469B-9C7E-FC03EF4BEF0E}"
EndProject
Project("{FAE04EC0-301F-11D3-BF4B-00C04F79EFBC}") = "OrderProcessor.Tests", "Exercises\OrderProcessor.Tests\OrderProcessor.Tests.csproj", "{F994958C-FBA4-4B2F-AA64-AF77DDB4A59F}"
EndProject
Global
	GlobalSection(SolutionConfigurationPlatforms) = preSolution
		Debug|Any CPU = Debug|Any CPU
		Release|Any CPU = Release|Any CPU
	EndGlobalSection
	GlobalSection(ProjectConfigurationPlatforms) = postSolution
		{BFB1D912-B29F-4856-889D-188AB69A805E}.Debug|Any CPU.ActiveCfg = Debug|Any CPU
		{BFB1D912-B29F-4856-889D-188AB69A805E}.Debug|Any CPU.Build.0 = Debug|Any CPU
		{BFB1D912-B29F-4856-889D-188AB69A805E}.Release|Any CPU.ActiveCfg = Release|Any CPU
		{BFB1D912-B29F-4856-889D-188AB69A805E}.Release|Any CPU.Build.0 = Release|Any CPU
		{81BC14AB-28A5-42BD-B00D-9A4E7047197C}.Debug|Any CPU.ActiveCfg = Debug|Any CPU
		{81BC14AB-28A5-42BD-B00D-9A4E7047197C}.Debug|Any CPU.Build.0 = Debug|Any CPU
		{81BC14AB-28A5-42BD-B00D-9A4E7047197C}.Release|Any CPU.ActiveCfg = Release|Any CPU
		{81BC14AB-28A5-42BD-B00D-9A4E7047197C}.Release|Any CPU.Build.0 = Release|Any CPU
		{3710AED3-D5BA-4314-9F8B-B6EE252711E8}.Debug|Any CPU.ActiveCfg = Debug|Any CPU
		{3710AED3-D5BA-4314-9F8B-B6EE252711E8}.Debug|Any CPU.Build.0 = Debug|Any CPU
		{3710AED3-D5BA-4314-9F8B-B6EE252711E8}.Release|Any CPU.ActiveCfg = Release|Any CPU
		{3710AED3-D5BA-4314-9F8B-B6EE252711E8}.Release|Any CPU.Build.0 = Release|Any CPU
		{4F25C577-A3D1-418C-BBB2-12A897862699}.Debug|Any CPU.ActiveCfg = Debug|Any CPU
		{4F25C577-A3D1-418C-BBB2-12A897862699}.Debug|Any CPU.Build.0 = Debug|Any CPU
		{4F25C577-A3D1-418C-BBB2-12A897862699}.Release|Any CPU.ActiveCfg = Release|Any CPU
		{4F25C577-A3D1-418C-BBB2-12A897862699}.Release|Any CPU.Build.0 = Release|Any CPU
		{16D404FC-F096-4C85-AACC-2538FDB2D48D}.Debug|Any CPU.ActiveCfg = Debug|Any CPU
		{16D404FC-F096-4C85-AACC-2538FDB2D48D}.Debug|Any CPU.Build.0 = Debug|Any CPU
		{16D404FC-F096-4C85-AACC-2538FDB2D48D}.Release|Any CPU.ActiveCfg = Release|Any CPU
		{16D404FC-F096-4C85-AACC-2538FDB2D48D}.Release|Any CPU.Build.0 = Release|Any CPU
		{64FE6989-0116-41A8-A275-87E4222C78FA}.Debug|Any CPU.ActiveCfg = Debug|Any CPU
		{64FE6989-0116-41A8-A275-87E4222C78FA}.Debug|Any CPU.Build.0 = Debug|Any CPU
		{64FE6989-0116-41A8-A275-87E4222C78FA}.Release|Any CPU.ActiveCfg = Release|Any CPU
		{64FE6989-0116-41A8-A275-87E4222C78FA}.Release|Any CPU.Build.0 = Release|Any CPU
		{276E3EFC-5D5E-499D-9BFA-FB17F45B3F9B}.Debug|Any CPU.ActiveCfg = Debug|Any CPU
		{276E3EFC-5D5E-499D-9BFA-FB17F45B3F9B}.Debug|Any CPU.Build.0 = Debug|Any CPU
		{276E3EFC-5D5E-499D-9BFA-FB17F45B3F9B}.Release|Any CPU.ActiveCfg = Release|Any CPU
		{276E3EFC-5D5E-499D-9BFA-FB17F45B3F9B}.Release|Any CPU.Build.0 = Release|Any CPU
		{29F53AAD-3315-4CF3-B512-0C64B4D5962D}.Debug|Any CPU.ActiveCfg = Debug|Any CPU
		{29F53AAD-3315-4CF3-B512-0C64B4D5962D}.Debug|Any CPU.Build.0 = Debug|Any CPU
		{29F53AAD-3315-4CF3-B512-0C64B4D5962D}.Release|Any CPU.ActiveCfg = Release|Any CPU
		{29F53AAD-3315-4CF3-B512-0C64B4D5962D}.Release|Any CPU.Build.0 = Release|Any CPU
		{A5520F48-F23D-41CB-A6F8-4EAFA36373F7}.Debug|Any CPU.ActiveCfg = Debug|Any CPU
		{A5520F48-F23D-41CB-A6F8-4EAFA36373F7}.Debug|Any CPU.Build.0 = Debug|Any CPU
		{A5520F48-F23D-41CB-A6F8-4EAFA36373F7}.Release|Any CPU.ActiveCfg = Release|Any CPU
		{A5520F48-F23D-41CB-A6F8-4EAFA36373F7}.Release|Any CPU.Build.0 = Release|Any CPU
		{740E6EAA-3665-41B7-8CA6-F3D662E082F2}.Debug|Any CPU.ActiveCfg = Debug|Any CPU
		{740E6EAA-3665-41B7-8CA6-F3D662E082F2}.Debug|Any CPU.Build.0 = Debug|Any CPU
		{740E6EAA-3665-41B7-8CA6-F3D662E082F2}.Release|Any CPU.ActiveCfg = Release|Any CPU
		{740E6EAA-3665-41B7-8CA6-F3D662E082F2}.Release|Any CPU.Build.0 = Release|Any CPU
		{867F939A-22C0-4498-8284-46FC4153B05D}.Debug|Any CPU.ActiveCfg = Debug|Any CPU
		{867F939A-22C0-4498-8284-46FC4153B05D}.Debug|Any CPU.Build.0 = Debug|Any CPU
		{867F939A-22C0-4498-8284-46FC4153B05D}.Release|Any CPU.ActiveCfg = Release|Any CPU
		{867F939A-22C0-4498-8284-46FC4153B05D}.Release|Any CPU.Build.0 = Release|Any CPU
		{C166F13C-8D1F-40A8-998E-80906E875D2A}.Debug|Any CPU.ActiveCfg = Debug|Any CPU
		{C166F13C-8D1F-40A8-998E-80906E875D2A}.Debug|Any CPU.Build.0 = Debug|Any CPU
		{C166F13C-8D1F-40A8-998E-80906E875D2A}.Release|Any CPU.ActiveCfg = Release|Any CPU
		{C166F13C-8D1F-40A8-998E-80906E875D2A}.Release|Any CPU.Build.0 = Release|Any CPU
		{F40B560C-27C9-4314-8EF2-167AB188D113}.Debug|Any CPU.ActiveCfg = Debug|Any CPU
		{F40B560C-27C9-4314-8EF2-167AB188D113}.Debug|Any CPU.Build.0 = Debug|Any CPU
		{F40B560C-27C9-4314-8EF2-167AB188D113}.Release|Any CPU.ActiveCfg = Release|Any CPU
		{F40B560C-27C9-4314-8EF2-167AB188D113}.Release|Any CPU.Build.0 = Release|Any CPU
		{3DE0257D-1787-4337-A5BC-BD8146700E41}.Debug|Any CPU.ActiveCfg = Debug|Any CPU
		{3DE0257D-1787-4337-A5BC-BD8146700E41}.Debug|Any CPU.Build.0 = Debug|Any CPU
		{3DE0257D-1787-4337-A5BC-BD8146700E41}.Release|Any CPU.ActiveCfg = Release|Any CPU
		{3DE0257D-1787-4337-A5BC-BD8146700E41}.Release|Any CPU.Build.0 = Release|Any CPU
		{395C14EC-4792-44B4-A60A-4233F73B4BD4}.Debug|Any CPU.ActiveCfg = Debug|Any CPU
		{395C14EC-4792-44B4-A60A-4233F73B4BD4}.Debug|Any CPU.Build.0 = Debug|Any CPU
		{395C14EC-4792-44B4-A60A-4233F73B4BD4}.Release|Any CPU.ActiveCfg = Release|Any CPU
		{395C14EC-4792-44B4-A60A-4233F73B4BD4}.Release|Any CPU.Build.0 = Release|Any CPU
		{1CDCB5DD-3104-469B-9C7E-FC03EF4BEF0E}.Debug|Any CPU.ActiveCfg = Debug|Any CPU
		{1CDCB5DD-3104-469B-9C7E-FC03EF4BEF0E}.Debug|Any CPU.Build.0 = Debug|Any CPU
		{1CDCB5DD-3104-469B-9C7E-FC03EF4BEF0E}.Release|Any CPU.ActiveCfg = Release|Any CPU
		{1CDCB5DD-3104-469B-9C7E-FC03EF4BEF0E}.Release|Any CPU.Build.0 = Release|Any CPU
		{F994958C-FBA4-4B2F-AA64-AF77DDB4A59F}.Debug|Any CPU.ActiveCfg = Debug|Any CPU
		{F994958C-FBA4-4B2F-AA64-AF77DDB4A59F}.Debug|Any CPU.Build.0 = Debug|Any CPU
		{F994958C-FBA4-4B2F-AA64-AF77DDB4A59F}.Release|Any CPU.ActiveCfg = Release|Any CPU
		{F994958C-FBA4-4B2F-AA64-AF77DDB4A59F}.Release|Any CPU.Build.0 = Release|Any CPU
	EndGlobalSection
	GlobalSection(SolutionProperties) = preSolution
		HideSolutionNode = FALSE
	EndGlobalSection
	GlobalSection(NestedProjects) = preSolution
		{276E3EFC-5D5E-499D-9BFA-FB17F45B3F9B} = {87AFA449-B5E1-4E84-9C4C-B8E0F3F4A742}
		{FD0010DF-0B49-450C-BF94-18F979AFBD75} = {87AFA449-B5E1-4E84-9C4C-B8E0F3F4A742}
		{29F53AAD-3315-4CF3-B512-0C64B4D5962D} = {87AFA449-B5E1-4E84-9C4C-B8E0F3F4A742}
		{F40B560C-27C9-4314-8EF2-167AB188D113} = {87AFA449-B5E1-4E84-9C4C-B8E0F3F4A742}
		{395C14EC-4792-44B4-A60A-4233F73B4BD4} = {87AFA449-B5E1-4E84-9C4C-B8E0F3F4A742}
		{F994958C-FBA4-4B2F-AA64-AF77DDB4A59F} = {FD0010DF-0B49-450C-BF94-18F979AFBD75}
	EndGlobalSection
	GlobalSection(ExtensibilityGlobals) = postSolution
		SolutionGuid = {D8D43E94-1C59-440C-B6CD-FCE60FF9F8FC}
	EndGlobalSection
EndGlobal
