
Microsoft Visual Studio Solution File, Format Version 12.00
# Visual Studio 15
Project("{FAE04EC0-301F-11D3-BF4B-00C04F79EFBC}") = "Variables", "CSharpBasics\Variables.csproj", "{934951F7-AB54-488C-BF2A-F60D097A278E}"
EndProject
Project("{FAE04EC0-301F-11D3-BF4B-00C04F79EFBC}") = "Operators", "Operators\Operators.csproj", "{9C9320AE-5CCB-44E1-B4AA-14C76C966E8D}"
EndProject
Global
	GlobalSection(SolutionConfigurationPlatforms) = preSolution
		Debug|Any CPU = Debug|Any CPU
		Release|Any CPU = Release|Any CPU
	EndGlobalSection
	GlobalSection(ProjectConfigurationPlatforms) = postSolution
		{934951F7-AB54-488C-BF2A-F60D097A278E}.Debug|Any CPU.ActiveCfg = Debug|Any CPU
		{934951F7-AB54-488C-BF2A-F60D097A278E}.Debug|Any CPU.Build.0 = Debug|Any CPU
		{934951F7-AB54-488C-BF2A-F60D097A278E}.Release|Any CPU.ActiveCfg = Release|Any CPU
		{934951F7-AB54-488C-BF2A-F60D097A278E}.Release|Any CPU.Build.0 = Release|Any CPU
		{9C9320AE-5CCB-44E1-B4AA-14C76C966E8D}.Debug|Any CPU.ActiveCfg = Debug|Any CPU
		{9C9320AE-5CCB-44E1-B4AA-14C76C966E8D}.Debug|Any CPU.Build.0 = Debug|Any CPU
		{9C9320AE-5CCB-44E1-B4AA-14C76C966E8D}.Release|Any CPU.ActiveCfg = Release|Any CPU
		{9C9320AE-5CCB-44E1-B4AA-14C76C966E8D}.Release|Any CPU.Build.0 = Release|Any CPU
	EndGlobalSection
EndGlobal
