
Microsoft Visual Studio Solution File, Format Version 12.00
# Visual Studio 15
Project("{FAE04EC0-301F-11D3-BF4B-00C04F79EFBC}") = "StringBuilder", "StringBuilder\StringBuilder.csproj", "{07B5211F-F294-4155-805C-F3B7CB2A0AE4}"
EndProject
Project("{2150E333-8FDC-42A3-9474-1A3956D46DE8}") = "Exercises", "Exercises", "{18E27B60-FB8B-406D-B7D0-162A15A01659}"
EndProject
Project("{FAE04EC0-301F-11D3-BF4B-00C04F79EFBC}") = "HowManyVowels", "HowManyVowels\HowManyVowels.csproj", "{746798B5-76B2-44FE-B6E3-EBBAAC676FAC}"
EndProject
Project("{FAE04EC0-301F-11D3-BF4B-00C04F79EFBC}") = "ValidTime", "HowManyVowels\ValidTime\ValidTime.csproj", "{E5ECDB32-E944-4944-910C-BE53E99384A8}"
EndProject
Global
	GlobalSection(SolutionConfigurationPlatforms) = preSolution
		Debug|Any CPU = Debug|Any CPU
		Release|Any CPU = Release|Any CPU
	EndGlobalSection
	GlobalSection(ProjectConfigurationPlatforms) = postSolution
		{07B5211F-F294-4155-805C-F3B7CB2A0AE4}.Debug|Any CPU.ActiveCfg = Debug|Any CPU
		{07B5211F-F294-4155-805C-F3B7CB2A0AE4}.Debug|Any CPU.Build.0 = Debug|Any CPU
		{07B5211F-F294-4155-805C-F3B7CB2A0AE4}.Release|Any CPU.ActiveCfg = Release|Any CPU
		{07B5211F-F294-4155-805C-F3B7CB2A0AE4}.Release|Any CPU.Build.0 = Release|Any CPU
		{746798B5-76B2-44FE-B6E3-EBBAAC676FAC}.Debug|Any CPU.ActiveCfg = Debug|Any CPU
		{746798B5-76B2-44FE-B6E3-EBBAAC676FAC}.Debug|Any CPU.Build.0 = Debug|Any CPU
		{746798B5-76B2-44FE-B6E3-EBBAAC676FAC}.Release|Any CPU.ActiveCfg = Release|Any CPU
		{746798B5-76B2-44FE-B6E3-EBBAAC676FAC}.Release|Any CPU.Build.0 = Release|Any CPU
		{E5ECDB32-E944-4944-910C-BE53E99384A8}.Debug|Any CPU.ActiveCfg = Debug|Any CPU
		{E5ECDB32-E944-4944-910C-BE53E99384A8}.Debug|Any CPU.Build.0 = Debug|Any CPU
		{E5ECDB32-E944-4944-910C-BE53E99384A8}.Release|Any CPU.ActiveCfg = Release|Any CPU
		{E5ECDB32-E944-4944-910C-BE53E99384A8}.Release|Any CPU.Build.0 = Release|Any CPU
	EndGlobalSection
	GlobalSection(NestedProjects) = preSolution
		{746798B5-76B2-44FE-B6E3-EBBAAC676FAC} = {18E27B60-FB8B-406D-B7D0-162A15A01659}
		{E5ECDB32-E944-4944-910C-BE53E99384A8} = {18E27B60-FB8B-406D-B7D0-162A15A01659}
	EndGlobalSection
EndGlobal
