Microsoft Visual Studio Solution File, Format Version 12.00
# Visual Studio 15
VisualStudioVersion = 15.0.27703.2042
MinimumVisualStudioVersion = 10.0.40219.1
Project("{9A19103F-16F7-4668-BE54-9A1E7A4F7556}") = "Variables", "CSharpBasics\Variables.csproj", "{934951F7-AB54-488C-BF2A-F60D097A278E}"
EndProject
Project("{9A19103F-16F7-4668-BE54-9A1E7A4F7556}") = "Operators", "Operators\Operators.csproj", "{9C9320AE-5CCB-44E1-B4AA-14C76C966E8D}"
EndProject
Project("{9A19103F-16F7-4668-BE54-9A1E7A4F7556}") = "Classes", "Classes\Classes.csproj", "{1441BEC9-D3FA-4992-9A06-583AABA5D8F9}"
EndProject
Project("{9A19103F-16F7-4668-BE54-9A1E7A4F7556}") = "CSharpBasics.UnitTests", "CSharpBasicsUnitTests\CSharpBasics.UnitTests.csproj", "{F5889CFB-086F-4392-AEFF-C447BD8ACFAD}"
EndProject
Project("{2150E333-8FDC-42A3-9474-1A3956D46DE8}") = "CSharpBasics.UnitTests", "CSharpBasics.UnitTests", "{9588693B-2C30-4557-AC47-1A9A5C4E5867}"
EndProject
Project("{9A19103F-16F7-4668-BE54-9A1E7A4F7556}") = "Arrays", "Arrays\Arrays.csproj", "{92C006E6-D528-4A05-B27B-DD963297829A}"
EndProject
Project("{9A19103F-16F7-4668-BE54-9A1E7A4F7556}") = "Strings", "Strings\Strings.csproj", "{9FA1CBCE-39C7-403D-AB1D-26BC999522DD}"
EndProject
Project("{9A19103F-16F7-4668-BE54-9A1E7A4F7556}") = "Enums", "Enums\Enums.csproj", "{18C366A4-9887-44DE-A06F-8085F1B60DD3}"
EndProject
Project("{9A19103F-16F7-4668-BE54-9A1E7A4F7556}") = "ReferenceTypesAndValueTypes", "ReferenceTypesAndValueTypes\ReferenceTypesAndValueTypes.csproj", "{72010C08-ACCD-4BEE-95F3-5AED870AA2F4}"
EndProject
Project("{9A19103F-16F7-4668-BE54-9A1E7A4F7556}") = "ConditionalStatements", "ConditionalStatements\ConditionalStatements.csproj", "{9A0409EF-350F-4773-BF63-1CBE74F025B7}"
EndProject
Project("{2150E333-8FDC-42A3-9474-1A3956D46DE8}") = "Exercises", "Exercises", "{7C82A18C-A7BF-4F8F-BBD3-88B07270EBA2}"
EndProject
Project("{9A19103F-16F7-4668-BE54-9A1E7A4F7556}") = "EnterANumber", "EnterANumber\EnterANumber.csproj", "{82617627-7565-4190-8E94-9D49E8F06148}"
EndProject
Project("{9A19103F-16F7-4668-BE54-9A1E7A4F7556}") = "MaxValue", "EnterANumber\MaxValue\MaxValue.csproj", "{38C25578-8A24-4E6B-85FA-23A09682F89A}"
EndProject
Project("{9A19103F-16F7-4668-BE54-9A1E7A4F7556}") = "PortraitOrLandscape", "EnterANumber\PortraitOrLandscape\PortraitOrLandscape.csproj", "{06482688-9ECA-4147-B730-7EA1675987C3}"
EndProject
Project("{9A19103F-16F7-4668-BE54-9A1E7A4F7556}") = "SpeedCamera", "EnterANumber\SpeedCamera\SpeedCamera.csproj", "{7DEFC376-0757-4ABA-9EA4-C4B393499623}"
EndProject
Project("{2150E333-8FDC-42A3-9474-1A3956D46DE8}") = "Conditionals", "Conditionals", "{4F428CA4-C131-4A3B-B566-B55C4C059DDD}"
EndProject
Project("{2150E333-8FDC-42A3-9474-1A3956D46DE8}") = "Loops", "Loops", "{41FCCB0A-91D8-4B92-A41B-271FEC47AE10}"
EndProject
Global
	GlobalSection(SolutionConfigurationPlatforms) = preSolution
		Debug|Any CPU = Debug|Any CPU
		Release|Any CPU = Release|Any CPU
	EndGlobalSection
	GlobalSection(ProjectConfigurationPlatforms) = postSolution
		{934951F7-AB54-488C-BF2A-F60D097A278E}.Debug|Any CPU.ActiveCfg = Debug|Any CPU
		{934951F7-AB54-488C-BF2A-F60D097A278E}.Debug|Any CPU.Build.0 = Debug|Any CPU
		{934951F7-AB54-488C-BF2A-F60D097A278E}.Release|Any CPU.ActiveCfg = Release|Any CPU
		{934951F7-AB54-488C-BF2A-F60D097A278E}.Release|Any CPU.Build.0 = Release|Any CPU
		{9C9320AE-5CCB-44E1-B4AA-14C76C966E8D}.Debug|Any CPU.ActiveCfg = Debug|Any CPU
		{9C9320AE-5CCB-44E1-B4AA-14C76C966E8D}.Debug|Any CPU.Build.0 = Debug|Any CPU
		{9C9320AE-5CCB-44E1-B4AA-14C76C966E8D}.Release|Any CPU.ActiveCfg = Release|Any CPU
		{9C9320AE-5CCB-44E1-B4AA-14C76C966E8D}.Release|Any CPU.Build.0 = Release|Any CPU
		{1441BEC9-D3FA-4992-9A06-583AABA5D8F9}.Debug|Any CPU.ActiveCfg = Debug|Any CPU
		{1441BEC9-D3FA-4992-9A06-583AABA5D8F9}.Debug|Any CPU.Build.0 = Debug|Any CPU
		{1441BEC9-D3FA-4992-9A06-583AABA5D8F9}.Release|Any CPU.ActiveCfg = Release|Any CPU
		{1441BEC9-D3FA-4992-9A06-583AABA5D8F9}.Release|Any CPU.Build.0 = Release|Any CPU
		{F5889CFB-086F-4392-AEFF-C447BD8ACFAD}.Debug|Any CPU.ActiveCfg = Debug|Any CPU
		{F5889CFB-086F-4392-AEFF-C447BD8ACFAD}.Debug|Any CPU.Build.0 = Debug|Any CPU
		{F5889CFB-086F-4392-AEFF-C447BD8ACFAD}.Release|Any CPU.ActiveCfg = Release|Any CPU
		{F5889CFB-086F-4392-AEFF-C447BD8ACFAD}.Release|Any CPU.Build.0 = Release|Any CPU
		{92C006E6-D528-4A05-B27B-DD963297829A}.Debug|Any CPU.ActiveCfg = Debug|Any CPU
		{92C006E6-D528-4A05-B27B-DD963297829A}.Debug|Any CPU.Build.0 = Debug|Any CPU
		{92C006E6-D528-4A05-B27B-DD963297829A}.Release|Any CPU.ActiveCfg = Release|Any CPU
		{92C006E6-D528-4A05-B27B-DD963297829A}.Release|Any CPU.Build.0 = Release|Any CPU
		{9FA1CBCE-39C7-403D-AB1D-26BC999522DD}.Debug|Any CPU.ActiveCfg = Debug|Any CPU
		{9FA1CBCE-39C7-403D-AB1D-26BC999522DD}.Debug|Any CPU.Build.0 = Debug|Any CPU
		{9FA1CBCE-39C7-403D-AB1D-26BC999522DD}.Release|Any CPU.ActiveCfg = Release|Any CPU
		{9FA1CBCE-39C7-403D-AB1D-26BC999522DD}.Release|Any CPU.Build.0 = Release|Any CPU
		{18C366A4-9887-44DE-A06F-8085F1B60DD3}.Debug|Any CPU.ActiveCfg = Debug|Any CPU
		{18C366A4-9887-44DE-A06F-8085F1B60DD3}.Debug|Any CPU.Build.0 = Debug|Any CPU
		{18C366A4-9887-44DE-A06F-8085F1B60DD3}.Release|Any CPU.ActiveCfg = Release|Any CPU
		{18C366A4-9887-44DE-A06F-8085F1B60DD3}.Release|Any CPU.Build.0 = Release|Any CPU
		{72010C08-ACCD-4BEE-95F3-5AED870AA2F4}.Debug|Any CPU.ActiveCfg = Debug|Any CPU
		{72010C08-ACCD-4BEE-95F3-5AED870AA2F4}.Debug|Any CPU.Build.0 = Debug|Any CPU
		{72010C08-ACCD-4BEE-95F3-5AED870AA2F4}.Release|Any CPU.ActiveCfg = Release|Any CPU
		{72010C08-ACCD-4BEE-95F3-5AED870AA2F4}.Release|Any CPU.Build.0 = Release|Any CPU
		{9A0409EF-350F-4773-BF63-1CBE74F025B7}.Debug|Any CPU.ActiveCfg = Debug|Any CPU
		{9A0409EF-350F-4773-BF63-1CBE74F025B7}.Debug|Any CPU.Build.0 = Debug|Any CPU
		{9A0409EF-350F-4773-BF63-1CBE74F025B7}.Release|Any CPU.ActiveCfg = Release|Any CPU
		{9A0409EF-350F-4773-BF63-1CBE74F025B7}.Release|Any CPU.Build.0 = Release|Any CPU
		{82617627-7565-4190-8E94-9D49E8F06148}.Debug|Any CPU.ActiveCfg = Debug|Any CPU
		{82617627-7565-4190-8E94-9D49E8F06148}.Debug|Any CPU.Build.0 = Debug|Any CPU
		{82617627-7565-4190-8E94-9D49E8F06148}.Release|Any CPU.ActiveCfg = Release|Any CPU
		{82617627-7565-4190-8E94-9D49E8F06148}.Release|Any CPU.Build.0 = Release|Any CPU
		{38C25578-8A24-4E6B-85FA-23A09682F89A}.Debug|Any CPU.ActiveCfg = Debug|Any CPU
		{38C25578-8A24-4E6B-85FA-23A09682F89A}.Debug|Any CPU.Build.0 = Debug|Any CPU
		{38C25578-8A24-4E6B-85FA-23A09682F89A}.Release|Any CPU.ActiveCfg = Release|Any CPU
		{38C25578-8A24-4E6B-85FA-23A09682F89A}.Release|Any CPU.Build.0 = Release|Any CPU
		{06482688-9ECA-4147-B730-7EA1675987C3}.Debug|Any CPU.ActiveCfg = Debug|Any CPU
		{06482688-9ECA-4147-B730-7EA1675987C3}.Debug|Any CPU.Build.0 = Debug|Any CPU
		{06482688-9ECA-4147-B730-7EA1675987C3}.Release|Any CPU.ActiveCfg = Release|Any CPU
		{06482688-9ECA-4147-B730-7EA1675987C3}.Release|Any CPU.Build.0 = Release|Any CPU
		{7DEFC376-0757-4ABA-9EA4-C4B393499623}.Debug|Any CPU.ActiveCfg = Debug|Any CPU
		{7DEFC376-0757-4ABA-9EA4-C4B393499623}.Debug|Any CPU.Build.0 = Debug|Any CPU
		{7DEFC376-0757-4ABA-9EA4-C4B393499623}.Release|Any CPU.ActiveCfg = Release|Any CPU
		{7DEFC376-0757-4ABA-9EA4-C4B393499623}.Release|Any CPU.Build.0 = Release|Any CPU
	EndGlobalSection
	GlobalSection(SolutionProperties) = preSolution
		HideSolutionNode = FALSE
	EndGlobalSection
	GlobalSection(NestedProjects) = preSolution
		{F5889CFB-086F-4392-AEFF-C447BD8ACFAD} = {9588693B-2C30-4557-AC47-1A9A5C4E5867}
		{82617627-7565-4190-8E94-9D49E8F06148} = {4F428CA4-C131-4A3B-B566-B55C4C059DDD}
		{38C25578-8A24-4E6B-85FA-23A09682F89A} = {4F428CA4-C131-4A3B-B566-B55C4C059DDD}
		{06482688-9ECA-4147-B730-7EA1675987C3} = {4F428CA4-C131-4A3B-B566-B55C4C059DDD}
		{7DEFC376-0757-4ABA-9EA4-C4B393499623} = {4F428CA4-C131-4A3B-B566-B55C4C059DDD}
		{4F428CA4-C131-4A3B-B566-B55C4C059DDD} = {7C82A18C-A7BF-4F8F-BBD3-88B07270EBA2}
		{41FCCB0A-91D8-4B92-A41B-271FEC47AE10} = {7C82A18C-A7BF-4F8F-BBD3-88B07270EBA2}
	EndGlobalSection
	GlobalSection(ExtensibilityGlobals) = postSolution
		SolutionGuid = {652B29C2-9A97-458D-8648-00EDE4CF3C74}
	EndGlobalSection
EndGlobal
