Microsoft Visual Studio Solution File, Format Version 12.00
# Visual Studio 15
VisualStudioVersion = 15.0.27703.2042
MinimumVisualStudioVersion = 10.0.40219.1
Project("{FAE04EC0-301F-11D3-BF4B-00C04F79EFBC}") = "Variables", "CSharpBasics\Variables.csproj", "{934951F7-AB54-488C-BF2A-F60D097A278E}"
EndProject
Project("{FAE04EC0-301F-11D3-BF4B-00C04F79EFBC}") = "Operators", "Operators\Operators.csproj", "{9C9320AE-5CCB-44E1-B4AA-14C76C966E8D}"
EndProject
Project("{FAE04EC0-301F-11D3-BF4B-00C04F79EFBC}") = "Classes", "Classes\Classes.csproj", "{1441BEC9-D3FA-4992-9A06-583AABA5D8F9}"
EndProject
Project("{FAE04EC0-301F-11D3-BF4B-00C04F79EFBC}") = "CSharpBasics.UnitTests", "CSharpBasicsUnitTests\CSharpBasics.UnitTests.csproj", "{F5889CFB-086F-4392-AEFF-C447BD8ACFAD}"
EndProject
Project("{2150E333-8FDC-42A3-9474-1A3956D46DE8}") = "CSharpBasics.UnitTests", "CSharpBasics.UnitTests", "{9588693B-2C30-4557-AC47-1A9A5C4E5867}"
EndProject
Project("{FAE04EC0-301F-11D3-BF4B-00C04F79EFBC}") = "Arrays", "Arrays\Arrays.csproj", "{92C006E6-D528-4A05-B27B-DD963297829A}"
EndProject
Project("{FAE04EC0-301F-11D3-BF4B-00C04F79EFBC}") = "Strings", "Strings\Strings.csproj", "{9FA1CBCE-39C7-403D-AB1D-26BC999522DD}"
EndProject
Project("{FAE04EC0-301F-11D3-BF4B-00C04F79EFBC}") = "Enums", "Enums\Enums.csproj", "{18C366A4-9887-44DE-A06F-8085F1B60DD3}"
EndProject
Project("{FAE04EC0-301F-11D3-BF4B-00C04F79EFBC}") = "ReferenceTypesAndValueTypes", "ReferenceTypesAndValueTypes\ReferenceTypesAndValueTypes.csproj", "{72010C08-ACCD-4BEE-95F3-5AED870AA2F4}"
EndProject
Project("{FAE04EC0-301F-11D3-BF4B-00C04F79EFBC}") = "ConditionalStatements", "ConditionalStatements\ConditionalStatements.csproj", "{9A0409EF-350F-4773-BF63-1CBE74F025B7}"
EndProject
Project("{2150E333-8FDC-42A3-9474-1A3956D46DE8}") = "Exercises", "Exercises", "{7C82A18C-A7BF-4F8F-BBD3-88B07270EBA2}"
EndProject
Project("{FAE04EC0-301F-11D3-BF4B-00C04F79EFBC}") = "EnterANumber", "EnterANumber\EnterANumber.csproj", "{82617627-7565-4190-8E94-9D49E8F06148}"
EndProject
Project("{FAE04EC0-301F-11D3-BF4B-00C04F79EFBC}") = "MaxValue", "EnterANumber\MaxValue\MaxValue.csproj", "{38C25578-8A24-4E6B-85FA-23A09682F89A}"
EndProject
Project("{FAE04EC0-301F-11D3-BF4B-00C04F79EFBC}") = "PortraitOrLandscape", "EnterANumber\PortraitOrLandscape\PortraitOrLandscape.csproj", "{06482688-9ECA-4147-B730-7EA1675987C3}"
EndProject
Project("{FAE04EC0-301F-11D3-BF4B-00C04F79EFBC}") = "SpeedCamera", "EnterANumber\SpeedCamera\SpeedCamera.csproj", "{7DEFC376-0757-4ABA-9EA4-C4B393499623}"
EndProject
Project("{2150E333-8FDC-42A3-9474-1A3956D46DE8}") = "Conditionals", "Conditionals", "{4F428CA4-C131-4A3B-B566-B55C4C059DDD}"
EndProject
Project("{2150E333-8FDC-42A3-9474-1A3956D46DE8}") = "Loops", "Loops", "{41FCCB0A-91D8-4B92-A41B-271FEC47AE10}"
EndProject
Project("{FAE04EC0-301F-11D3-BF4B-00C04F79EFBC}") = "ForLoops", "ForLoops\ForLoops.csproj", "{14DC9B14-85C9-4FDF-96B8-AED73F2E7DF5}"
EndProject
Project("{FAE04EC0-301F-11D3-BF4B-00C04F79EFBC}") = "Foreach", "Foreach\Foreach.csproj", "{E527E343-56F1-44C6-9BDB-F74F2E7D61F1}"
EndProject
Project("{FAE04EC0-301F-11D3-BF4B-00C04F79EFBC}") = "WhileLoops", "WhileLoops\WhileLoops.csproj", "{4DD06DBB-9D19-45A1-AD12-CCB12BE7760A}"
EndProject
Project("{FAE04EC0-301F-11D3-BF4B-00C04F79EFBC}") = "RandomClass", "RandomClass\RandomClass.csproj", "{4CA7C605-6D38-4B1F-AF2E-858EF9D31B2A}"
EndProject
Project("{FAE04EC0-301F-11D3-BF4B-00C04F79EFBC}") = "NumsDivisibleByThree", "NumsDivisibleByThree\NumsDivisibleByThree.csproj", "{BCE67379-F98B-4444-AC1E-DA4A5520533B}"
EndProject
Project("{FAE04EC0-301F-11D3-BF4B-00C04F79EFBC}") = "CalcEnteredNums", "CalcEnteredNums\CalcEnteredNums.csproj", "{DF7EEE47-BEB2-4169-8CF5-715E267ABCEA}"
EndProject
Project("{FAE04EC0-301F-11D3-BF4B-00C04F79EFBC}") = "Factorials", "Factorials\Factorials.csproj", "{0424EAA6-A44E-4DAA-A85E-3B96016AEE12}"
EndProject
Project("{FAE04EC0-301F-11D3-BF4B-00C04F79EFBC}") = "GuessingGame", "GuessingGame\GuessingGame.csproj", "{88B1506B-D4AF-4C92-94A0-3C00A16F2C7B}"
EndProject
Project("{FAE04EC0-301F-11D3-BF4B-00C04F79EFBC}") = "CalcMaxInt", "CalcMaxInt\CalcMaxInt.csproj", "{4A4DBF46-BA79-4AD8-9A54-9C2409F9B3A5}"
EndProject
Project("{FAE04EC0-301F-11D3-BF4B-00C04F79EFBC}") = "MultidimensionalArrays", "MultidimensionalArrays\MultidimensionalArrays.csproj", "{2A5F0C53-262D-4A35-943D-85F0D7336914}"
EndProject
Project("{FAE04EC0-301F-11D3-BF4B-00C04F79EFBC}") = "Lists", "Lists\Lists.csproj", "{42CE005D-645D-4815-95A4-AA5D5310CFF5}"
EndProject
Project("{2150E333-8FDC-42A3-9474-1A3956D46DE8}") = "Lists", "Lists", "{97CCB649-30CD-47E2-99EC-02ED2D7DCAB3}"
EndProject
Project("{FAE04EC0-301F-11D3-BF4B-00C04F79EFBC}") = "ReverseName", "ReverseName\ReverseName.csproj", "{26FF0B81-10D4-4A4E-87E8-852DA6247813}"
EndProject
Project("{FAE04EC0-301F-11D3-BF4B-00C04F79EFBC}") = "FiveNums", "FiveNums\FiveNums.csproj", "{9E539388-E6E9-4FA4-8261-1D4D6A0F5312}"
EndProject
Project("{FAE04EC0-301F-11D3-BF4B-00C04F79EFBC}") = "UniqueNums", "UniqueNums\UniqueNums.csproj", "{06DFE888-4EEB-48BE-B4EE-E439FD7FE000}"
EndProject
Project("{FAE04EC0-301F-11D3-BF4B-00C04F79EFBC}") = "DisplayUniqueNums", "DisplayUniqueNums\DisplayUniqueNums.csproj", "{83673FEF-BADC-40FD-9441-BF521777641A}"
EndProject
Project("{FAE04EC0-301F-11D3-BF4B-00C04F79EFBC}") = "FacebookLikes", "FacebookLikes\FacebookLikes.csproj", "{55496D07-64DD-4B19-92F7-C61C56D2FC4C}"
EndProject
Project("{FAE04EC0-301F-11D3-BF4B-00C04F79EFBC}") = "DateTimes", "DateTimes\DateTimes.csproj", "{B212E0ED-EBA5-4B66-BC1F-E8DFA4077213}"
EndProject
Project("{FAE04EC0-301F-11D3-BF4B-00C04F79EFBC}") = "StringBuilder", "StringBuilder\StringBuilder.csproj", "{1EEE415D-99E5-4292-B856-238EAF684CEE}"
EndProject
Global
	GlobalSection(SolutionConfigurationPlatforms) = preSolution
		Debug|Any CPU = Debug|Any CPU
		Release|Any CPU = Release|Any CPU
	EndGlobalSection
	GlobalSection(ProjectConfigurationPlatforms) = postSolution
		{934951F7-AB54-488C-BF2A-F60D097A278E}.Debug|Any CPU.ActiveCfg = Debug|Any CPU
		{934951F7-AB54-488C-BF2A-F60D097A278E}.Debug|Any CPU.Build.0 = Debug|Any CPU
		{934951F7-AB54-488C-BF2A-F60D097A278E}.Release|Any CPU.ActiveCfg = Release|Any CPU
		{934951F7-AB54-488C-BF2A-F60D097A278E}.Release|Any CPU.Build.0 = Release|Any CPU
		{9C9320AE-5CCB-44E1-B4AA-14C76C966E8D}.Debug|Any CPU.ActiveCfg = Debug|Any CPU
		{9C9320AE-5CCB-44E1-B4AA-14C76C966E8D}.Debug|Any CPU.Build.0 = Debug|Any CPU
		{9C9320AE-5CCB-44E1-B4AA-14C76C966E8D}.Release|Any CPU.ActiveCfg = Release|Any CPU
		{9C9320AE-5CCB-44E1-B4AA-14C76C966E8D}.Release|Any CPU.Build.0 = Release|Any CPU
		{1441BEC9-D3FA-4992-9A06-583AABA5D8F9}.Debug|Any CPU.ActiveCfg = Debug|Any CPU
		{1441BEC9-D3FA-4992-9A06-583AABA5D8F9}.Debug|Any CPU.Build.0 = Debug|Any CPU
		{1441BEC9-D3FA-4992-9A06-583AABA5D8F9}.Release|Any CPU.ActiveCfg = Release|Any CPU
		{1441BEC9-D3FA-4992-9A06-583AABA5D8F9}.Release|Any CPU.Build.0 = Release|Any CPU
		{F5889CFB-086F-4392-AEFF-C447BD8ACFAD}.Debug|Any CPU.ActiveCfg = Debug|Any CPU
		{F5889CFB-086F-4392-AEFF-C447BD8ACFAD}.Debug|Any CPU.Build.0 = Debug|Any CPU
		{F5889CFB-086F-4392-AEFF-C447BD8ACFAD}.Release|Any CPU.ActiveCfg = Release|Any CPU
		{F5889CFB-086F-4392-AEFF-C447BD8ACFAD}.Release|Any CPU.Build.0 = Release|Any CPU
		{92C006E6-D528-4A05-B27B-DD963297829A}.Debug|Any CPU.ActiveCfg = Debug|Any CPU
		{92C006E6-D528-4A05-B27B-DD963297829A}.Debug|Any CPU.Build.0 = Debug|Any CPU
		{92C006E6-D528-4A05-B27B-DD963297829A}.Release|Any CPU.ActiveCfg = Release|Any CPU
		{92C006E6-D528-4A05-B27B-DD963297829A}.Release|Any CPU.Build.0 = Release|Any CPU
		{9FA1CBCE-39C7-403D-AB1D-26BC999522DD}.Debug|Any CPU.ActiveCfg = Debug|Any CPU
		{9FA1CBCE-39C7-403D-AB1D-26BC999522DD}.Debug|Any CPU.Build.0 = Debug|Any CPU
		{9FA1CBCE-39C7-403D-AB1D-26BC999522DD}.Release|Any CPU.ActiveCfg = Release|Any CPU
		{9FA1CBCE-39C7-403D-AB1D-26BC999522DD}.Release|Any CPU.Build.0 = Release|Any CPU
		{18C366A4-9887-44DE-A06F-8085F1B60DD3}.Debug|Any CPU.ActiveCfg = Debug|Any CPU
		{18C366A4-9887-44DE-A06F-8085F1B60DD3}.Debug|Any CPU.Build.0 = Debug|Any CPU
		{18C366A4-9887-44DE-A06F-8085F1B60DD3}.Release|Any CPU.ActiveCfg = Release|Any CPU
		{18C366A4-9887-44DE-A06F-8085F1B60DD3}.Release|Any CPU.Build.0 = Release|Any CPU
		{72010C08-ACCD-4BEE-95F3-5AED870AA2F4}.Debug|Any CPU.ActiveCfg = Debug|Any CPU
		{72010C08-ACCD-4BEE-95F3-5AED870AA2F4}.Debug|Any CPU.Build.0 = Debug|Any CPU
		{72010C08-ACCD-4BEE-95F3-5AED870AA2F4}.Release|Any CPU.ActiveCfg = Release|Any CPU
		{72010C08-ACCD-4BEE-95F3-5AED870AA2F4}.Release|Any CPU.Build.0 = Release|Any CPU
		{9A0409EF-350F-4773-BF63-1CBE74F025B7}.Debug|Any CPU.ActiveCfg = Debug|Any CPU
		{9A0409EF-350F-4773-BF63-1CBE74F025B7}.Debug|Any CPU.Build.0 = Debug|Any CPU
		{9A0409EF-350F-4773-BF63-1CBE74F025B7}.Release|Any CPU.ActiveCfg = Release|Any CPU
		{9A0409EF-350F-4773-BF63-1CBE74F025B7}.Release|Any CPU.Build.0 = Release|Any CPU
		{82617627-7565-4190-8E94-9D49E8F06148}.Debug|Any CPU.ActiveCfg = Debug|Any CPU
		{82617627-7565-4190-8E94-9D49E8F06148}.Debug|Any CPU.Build.0 = Debug|Any CPU
		{82617627-7565-4190-8E94-9D49E8F06148}.Release|Any CPU.ActiveCfg = Release|Any CPU
		{82617627-7565-4190-8E94-9D49E8F06148}.Release|Any CPU.Build.0 = Release|Any CPU
		{38C25578-8A24-4E6B-85FA-23A09682F89A}.Debug|Any CPU.ActiveCfg = Debug|Any CPU
		{38C25578-8A24-4E6B-85FA-23A09682F89A}.Debug|Any CPU.Build.0 = Debug|Any CPU
		{38C25578-8A24-4E6B-85FA-23A09682F89A}.Release|Any CPU.ActiveCfg = Release|Any CPU
		{38C25578-8A24-4E6B-85FA-23A09682F89A}.Release|Any CPU.Build.0 = Release|Any CPU
		{06482688-9ECA-4147-B730-7EA1675987C3}.Debug|Any CPU.ActiveCfg = Debug|Any CPU
		{06482688-9ECA-4147-B730-7EA1675987C3}.Debug|Any CPU.Build.0 = Debug|Any CPU
		{06482688-9ECA-4147-B730-7EA1675987C3}.Release|Any CPU.ActiveCfg = Release|Any CPU
		{06482688-9ECA-4147-B730-7EA1675987C3}.Release|Any CPU.Build.0 = Release|Any CPU
		{7DEFC376-0757-4ABA-9EA4-C4B393499623}.Debug|Any CPU.ActiveCfg = Debug|Any CPU
		{7DEFC376-0757-4ABA-9EA4-C4B393499623}.Debug|Any CPU.Build.0 = Debug|Any CPU
		{7DEFC376-0757-4ABA-9EA4-C4B393499623}.Release|Any CPU.ActiveCfg = Release|Any CPU
		{7DEFC376-0757-4ABA-9EA4-C4B393499623}.Release|Any CPU.Build.0 = Release|Any CPU
		{14DC9B14-85C9-4FDF-96B8-AED73F2E7DF5}.Debug|Any CPU.ActiveCfg = Debug|Any CPU
		{14DC9B14-85C9-4FDF-96B8-AED73F2E7DF5}.Debug|Any CPU.Build.0 = Debug|Any CPU
		{14DC9B14-85C9-4FDF-96B8-AED73F2E7DF5}.Release|Any CPU.ActiveCfg = Release|Any CPU
		{14DC9B14-85C9-4FDF-96B8-AED73F2E7DF5}.Release|Any CPU.Build.0 = Release|Any CPU
		{E527E343-56F1-44C6-9BDB-F74F2E7D61F1}.Debug|Any CPU.ActiveCfg = Debug|Any CPU
		{E527E343-56F1-44C6-9BDB-F74F2E7D61F1}.Debug|Any CPU.Build.0 = Debug|Any CPU
		{E527E343-56F1-44C6-9BDB-F74F2E7D61F1}.Release|Any CPU.ActiveCfg = Release|Any CPU
		{E527E343-56F1-44C6-9BDB-F74F2E7D61F1}.Release|Any CPU.Build.0 = Release|Any CPU
		{4DD06DBB-9D19-45A1-AD12-CCB12BE7760A}.Debug|Any CPU.ActiveCfg = Debug|Any CPU
		{4DD06DBB-9D19-45A1-AD12-CCB12BE7760A}.Debug|Any CPU.Build.0 = Debug|Any CPU
		{4DD06DBB-9D19-45A1-AD12-CCB12BE7760A}.Release|Any CPU.ActiveCfg = Release|Any CPU
		{4DD06DBB-9D19-45A1-AD12-CCB12BE7760A}.Release|Any CPU.Build.0 = Release|Any CPU
		{4CA7C605-6D38-4B1F-AF2E-858EF9D31B2A}.Debug|Any CPU.ActiveCfg = Debug|Any CPU
		{4CA7C605-6D38-4B1F-AF2E-858EF9D31B2A}.Debug|Any CPU.Build.0 = Debug|Any CPU
		{4CA7C605-6D38-4B1F-AF2E-858EF9D31B2A}.Release|Any CPU.ActiveCfg = Release|Any CPU
		{4CA7C605-6D38-4B1F-AF2E-858EF9D31B2A}.Release|Any CPU.Build.0 = Release|Any CPU
		{BCE67379-F98B-4444-AC1E-DA4A5520533B}.Debug|Any CPU.ActiveCfg = Debug|Any CPU
		{BCE67379-F98B-4444-AC1E-DA4A5520533B}.Debug|Any CPU.Build.0 = Debug|Any CPU
		{BCE67379-F98B-4444-AC1E-DA4A5520533B}.Release|Any CPU.ActiveCfg = Release|Any CPU
		{BCE67379-F98B-4444-AC1E-DA4A5520533B}.Release|Any CPU.Build.0 = Release|Any CPU
		{DF7EEE47-BEB2-4169-8CF5-715E267ABCEA}.Debug|Any CPU.ActiveCfg = Debug|Any CPU
		{DF7EEE47-BEB2-4169-8CF5-715E267ABCEA}.Debug|Any CPU.Build.0 = Debug|Any CPU
		{DF7EEE47-BEB2-4169-8CF5-715E267ABCEA}.Release|Any CPU.ActiveCfg = Release|Any CPU
		{DF7EEE47-BEB2-4169-8CF5-715E267ABCEA}.Release|Any CPU.Build.0 = Release|Any CPU
		{0424EAA6-A44E-4DAA-A85E-3B96016AEE12}.Debug|Any CPU.ActiveCfg = Debug|Any CPU
		{0424EAA6-A44E-4DAA-A85E-3B96016AEE12}.Debug|Any CPU.Build.0 = Debug|Any CPU
		{0424EAA6-A44E-4DAA-A85E-3B96016AEE12}.Release|Any CPU.ActiveCfg = Release|Any CPU
		{0424EAA6-A44E-4DAA-A85E-3B96016AEE12}.Release|Any CPU.Build.0 = Release|Any CPU
		{88B1506B-D4AF-4C92-94A0-3C00A16F2C7B}.Debug|Any CPU.ActiveCfg = Debug|Any CPU
		{88B1506B-D4AF-4C92-94A0-3C00A16F2C7B}.Debug|Any CPU.Build.0 = Debug|Any CPU
		{88B1506B-D4AF-4C92-94A0-3C00A16F2C7B}.Release|Any CPU.ActiveCfg = Release|Any CPU
		{88B1506B-D4AF-4C92-94A0-3C00A16F2C7B}.Release|Any CPU.Build.0 = Release|Any CPU
		{4A4DBF46-BA79-4AD8-9A54-9C2409F9B3A5}.Debug|Any CPU.ActiveCfg = Debug|Any CPU
		{4A4DBF46-BA79-4AD8-9A54-9C2409F9B3A5}.Debug|Any CPU.Build.0 = Debug|Any CPU
		{4A4DBF46-BA79-4AD8-9A54-9C2409F9B3A5}.Release|Any CPU.ActiveCfg = Release|Any CPU
		{4A4DBF46-BA79-4AD8-9A54-9C2409F9B3A5}.Release|Any CPU.Build.0 = Release|Any CPU
		{2A5F0C53-262D-4A35-943D-85F0D7336914}.Debug|Any CPU.ActiveCfg = Debug|Any CPU
		{2A5F0C53-262D-4A35-943D-85F0D7336914}.Debug|Any CPU.Build.0 = Debug|Any CPU
		{2A5F0C53-262D-4A35-943D-85F0D7336914}.Release|Any CPU.ActiveCfg = Release|Any CPU
		{2A5F0C53-262D-4A35-943D-85F0D7336914}.Release|Any CPU.Build.0 = Release|Any CPU
		{42CE005D-645D-4815-95A4-AA5D5310CFF5}.Debug|Any CPU.ActiveCfg = Debug|Any CPU
		{42CE005D-645D-4815-95A4-AA5D5310CFF5}.Debug|Any CPU.Build.0 = Debug|Any CPU
		{42CE005D-645D-4815-95A4-AA5D5310CFF5}.Release|Any CPU.ActiveCfg = Release|Any CPU
		{42CE005D-645D-4815-95A4-AA5D5310CFF5}.Release|Any CPU.Build.0 = Release|Any CPU
		{26FF0B81-10D4-4A4E-87E8-852DA6247813}.Debug|Any CPU.ActiveCfg = Debug|Any CPU
		{26FF0B81-10D4-4A4E-87E8-852DA6247813}.Debug|Any CPU.Build.0 = Debug|Any CPU
		{26FF0B81-10D4-4A4E-87E8-852DA6247813}.Release|Any CPU.ActiveCfg = Release|Any CPU
		{26FF0B81-10D4-4A4E-87E8-852DA6247813}.Release|Any CPU.Build.0 = Release|Any CPU
		{9E539388-E6E9-4FA4-8261-1D4D6A0F5312}.Debug|Any CPU.ActiveCfg = Debug|Any CPU
		{9E539388-E6E9-4FA4-8261-1D4D6A0F5312}.Debug|Any CPU.Build.0 = Debug|Any CPU
		{9E539388-E6E9-4FA4-8261-1D4D6A0F5312}.Release|Any CPU.ActiveCfg = Release|Any CPU
		{9E539388-E6E9-4FA4-8261-1D4D6A0F5312}.Release|Any CPU.Build.0 = Release|Any CPU
		{06DFE888-4EEB-48BE-B4EE-E439FD7FE000}.Debug|Any CPU.ActiveCfg = Debug|Any CPU
		{06DFE888-4EEB-48BE-B4EE-E439FD7FE000}.Debug|Any CPU.Build.0 = Debug|Any CPU
		{06DFE888-4EEB-48BE-B4EE-E439FD7FE000}.Release|Any CPU.ActiveCfg = Release|Any CPU
		{06DFE888-4EEB-48BE-B4EE-E439FD7FE000}.Release|Any CPU.Build.0 = Release|Any CPU
		{83673FEF-BADC-40FD-9441-BF521777641A}.Debug|Any CPU.ActiveCfg = Debug|Any CPU
		{83673FEF-BADC-40FD-9441-BF521777641A}.Debug|Any CPU.Build.0 = Debug|Any CPU
		{83673FEF-BADC-40FD-9441-BF521777641A}.Release|Any CPU.ActiveCfg = Release|Any CPU
		{83673FEF-BADC-40FD-9441-BF521777641A}.Release|Any CPU.Build.0 = Release|Any CPU
		{55496D07-64DD-4B19-92F7-C61C56D2FC4C}.Debug|Any CPU.ActiveCfg = Debug|Any CPU
		{55496D07-64DD-4B19-92F7-C61C56D2FC4C}.Debug|Any CPU.Build.0 = Debug|Any CPU
		{55496D07-64DD-4B19-92F7-C61C56D2FC4C}.Release|Any CPU.ActiveCfg = Release|Any CPU
		{55496D07-64DD-4B19-92F7-C61C56D2FC4C}.Release|Any CPU.Build.0 = Release|Any CPU
		{B212E0ED-EBA5-4B66-BC1F-E8DFA4077213}.Debug|Any CPU.ActiveCfg = Debug|Any CPU
		{B212E0ED-EBA5-4B66-BC1F-E8DFA4077213}.Debug|Any CPU.Build.0 = Debug|Any CPU
		{B212E0ED-EBA5-4B66-BC1F-E8DFA4077213}.Release|Any CPU.ActiveCfg = Release|Any CPU
		{B212E0ED-EBA5-4B66-BC1F-E8DFA4077213}.Release|Any CPU.Build.0 = Release|Any CPU
		{1EEE415D-99E5-4292-B856-238EAF684CEE}.Debug|Any CPU.ActiveCfg = Debug|Any CPU
		{1EEE415D-99E5-4292-B856-238EAF684CEE}.Debug|Any CPU.Build.0 = Debug|Any CPU
		{1EEE415D-99E5-4292-B856-238EAF684CEE}.Release|Any CPU.ActiveCfg = Release|Any CPU
		{1EEE415D-99E5-4292-B856-238EAF684CEE}.Release|Any CPU.Build.0 = Release|Any CPU
	EndGlobalSection
	GlobalSection(SolutionProperties) = preSolution
		HideSolutionNode = FALSE
	EndGlobalSection
	GlobalSection(NestedProjects) = preSolution
		{F5889CFB-086F-4392-AEFF-C447BD8ACFAD} = {9588693B-2C30-4557-AC47-1A9A5C4E5867}
		{82617627-7565-4190-8E94-9D49E8F06148} = {4F428CA4-C131-4A3B-B566-B55C4C059DDD}
		{38C25578-8A24-4E6B-85FA-23A09682F89A} = {4F428CA4-C131-4A3B-B566-B55C4C059DDD}
		{06482688-9ECA-4147-B730-7EA1675987C3} = {4F428CA4-C131-4A3B-B566-B55C4C059DDD}
		{7DEFC376-0757-4ABA-9EA4-C4B393499623} = {4F428CA4-C131-4A3B-B566-B55C4C059DDD}
		{4F428CA4-C131-4A3B-B566-B55C4C059DDD} = {7C82A18C-A7BF-4F8F-BBD3-88B07270EBA2}
		{41FCCB0A-91D8-4B92-A41B-271FEC47AE10} = {7C82A18C-A7BF-4F8F-BBD3-88B07270EBA2}
		{BCE67379-F98B-4444-AC1E-DA4A5520533B} = {41FCCB0A-91D8-4B92-A41B-271FEC47AE10}
		{DF7EEE47-BEB2-4169-8CF5-715E267ABCEA} = {41FCCB0A-91D8-4B92-A41B-271FEC47AE10}
		{0424EAA6-A44E-4DAA-A85E-3B96016AEE12} = {41FCCB0A-91D8-4B92-A41B-271FEC47AE10}
		{88B1506B-D4AF-4C92-94A0-3C00A16F2C7B} = {41FCCB0A-91D8-4B92-A41B-271FEC47AE10}
		{4A4DBF46-BA79-4AD8-9A54-9C2409F9B3A5} = {41FCCB0A-91D8-4B92-A41B-271FEC47AE10}
		{97CCB649-30CD-47E2-99EC-02ED2D7DCAB3} = {7C82A18C-A7BF-4F8F-BBD3-88B07270EBA2}
		{26FF0B81-10D4-4A4E-87E8-852DA6247813} = {97CCB649-30CD-47E2-99EC-02ED2D7DCAB3}
		{9E539388-E6E9-4FA4-8261-1D4D6A0F5312} = {97CCB649-30CD-47E2-99EC-02ED2D7DCAB3}
		{06DFE888-4EEB-48BE-B4EE-E439FD7FE000} = {97CCB649-30CD-47E2-99EC-02ED2D7DCAB3}
		{83673FEF-BADC-40FD-9441-BF521777641A} = {97CCB649-30CD-47E2-99EC-02ED2D7DCAB3}
		{55496D07-64DD-4B19-92F7-C61C56D2FC4C} = {97CCB649-30CD-47E2-99EC-02ED2D7DCAB3}
	EndGlobalSection
	GlobalSection(ExtensibilityGlobals) = postSolution
		SolutionGuid = {652B29C2-9A97-458D-8648-00EDE4CF3C74}
	EndGlobalSection
EndGlobal
